
Microsoft Visual Studio Solution File, Format Version 12.00
# Visual Studio Version 17
VisualStudioVersion = 17.4.33205.214
MinimumVisualStudioVersion = 10.0.40219.1
Project("{FAE04EC0-301F-11D3-BF4B-00C04F79EFBC}") = "Pedalea.WebAPI", "Pedalea.WebAPI\Pedalea.WebAPI.csproj", "{CEB2BABA-2309-4E02-8B66-171FEBD2D633}"
EndProject
Project("{FAE04EC0-301F-11D3-BF4B-00C04F79EFBC}") = "DataAccess", "DataAccess\DataAccess.csproj", "{8C8BFEFC-FB3B-45E4-83D0-27B8ACFBF655}"
EndProject
Project("{FAE04EC0-301F-11D3-BF4B-00C04F79EFBC}") = "Infrastructure", "Infrastructure\Infrastructure.csproj", "{E9DD1CC7-2F11-4753-869B-180504F43FC3}"
EndProject
Global
	GlobalSection(SolutionConfigurationPlatforms) = preSolution
		Debug|Any CPU = Debug|Any CPU
		Release|Any CPU = Release|Any CPU
	EndGlobalSection
	GlobalSection(ProjectConfigurationPlatforms) = postSolution
		{CEB2BABA-2309-4E02-8B66-171FEBD2D633}.Debug|Any CPU.ActiveCfg = Debug|Any CPU
		{CEB2BABA-2309-4E02-8B66-171FEBD2D633}.Debug|Any CPU.Build.0 = Debug|Any CPU
		{CEB2BABA-2309-4E02-8B66-171FEBD2D633}.Release|Any CPU.ActiveCfg = Release|Any CPU
		{CEB2BABA-2309-4E02-8B66-171FEBD2D633}.Release|Any CPU.Build.0 = Release|Any CPU
		{8C8BFEFC-FB3B-45E4-83D0-27B8ACFBF655}.Debug|Any CPU.ActiveCfg = Debug|Any CPU
		{8C8BFEFC-FB3B-45E4-83D0-27B8ACFBF655}.Debug|Any CPU.Build.0 = Debug|Any CPU
		{8C8BFEFC-FB3B-45E4-83D0-27B8ACFBF655}.Release|Any CPU.ActiveCfg = Release|Any CPU
		{8C8BFEFC-FB3B-45E4-83D0-27B8ACFBF655}.Release|Any CPU.Build.0 = Release|Any CPU
		{E9DD1CC7-2F11-4753-869B-180504F43FC3}.Debug|Any CPU.ActiveCfg = Debug|Any CPU
		{E9DD1CC7-2F11-4753-869B-180504F43FC3}.Debug|Any CPU.Build.0 = Debug|Any CPU
		{E9DD1CC7-2F11-4753-869B-180504F43FC3}.Release|Any CPU.ActiveCfg = Release|Any CPU
		{E9DD1CC7-2F11-4753-869B-180504F43FC3}.Release|Any CPU.Build.0 = Release|Any CPU
	EndGlobalSection
	GlobalSection(SolutionProperties) = preSolution
		HideSolutionNode = FALSE
	EndGlobalSection
	GlobalSection(ExtensibilityGlobals) = postSolution
		SolutionGuid = {0C6FBC61-66E3-42B0-BB2F-0010279CA8F4}
	EndGlobalSection
EndGlobal
